// !$*UTF8*$!
{
	archiveVersion = 1;
	classes = {
	};
	objectVersion = 50;
	objects = {

/* Begin PBXBuildFile section */
		5CA2440F5D428E9BC43964EC /* Pods_AnimeList.framework in Frameworks */ = {isa = PBXBuildFile; fileRef = 69208E6DCD95A0E102B1495C /* Pods_AnimeList.framework */; };
		D42B2CEE21FC5C05002D3BC4 /* AppDelegate.swift in Sources */ = {isa = PBXBuildFile; fileRef = D42B2CED21FC5C05002D3BC4 /* AppDelegate.swift */; };
		D42B2CF021FC5C05002D3BC4 /* ViewController.swift in Sources */ = {isa = PBXBuildFile; fileRef = D42B2CEF21FC5C05002D3BC4 /* ViewController.swift */; };
		D42B2CF321FC5C05002D3BC4 /* Main.storyboard in Resources */ = {isa = PBXBuildFile; fileRef = D42B2CF121FC5C05002D3BC4 /* Main.storyboard */; };
		D42B2CF521FC5C06002D3BC4 /* Assets.xcassets in Resources */ = {isa = PBXBuildFile; fileRef = D42B2CF421FC5C06002D3BC4 /* Assets.xcassets */; };
		D42B2CF821FC5C06002D3BC4 /* LaunchScreen.storyboard in Resources */ = {isa = PBXBuildFile; fileRef = D42B2CF621FC5C06002D3BC4 /* LaunchScreen.storyboard */; };
		D42B2D0021FD45D8002D3BC4 /* ListTableViewController.swift in Sources */ = {isa = PBXBuildFile; fileRef = D42B2CFF21FD45D8002D3BC4 /* ListTableViewController.swift */; };
		D42B2D022200812A002D3BC4 /* DetailViewController.swift in Sources */ = {isa = PBXBuildFile; fileRef = D42B2D012200812A002D3BC4 /* DetailViewController.swift */; };
/* End PBXBuildFile section */

/* Begin PBXFileReference section */
		12E6D9F265398EE474FC68D0 /* Pods-AnimeList.release.xcconfig */ = {isa = PBXFileReference; includeInIndex = 1; lastKnownFileType = text.xcconfig; name = "Pods-AnimeList.release.xcconfig"; path = "Target Support Files/Pods-AnimeList/Pods-AnimeList.release.xcconfig"; sourceTree = "<group>"; };
		69208E6DCD95A0E102B1495C /* Pods_AnimeList.framework */ = {isa = PBXFileReference; explicitFileType = wrapper.framework; includeInIndex = 0; path = Pods_AnimeList.framework; sourceTree = BUILT_PRODUCTS_DIR; };
		CA3F07262BCEEB0E579FFE05 /* Pods-AnimeList.debug.xcconfig */ = {isa = PBXFileReference; includeInIndex = 1; lastKnownFileType = text.xcconfig; name = "Pods-AnimeList.debug.xcconfig"; path = "Target Support Files/Pods-AnimeList/Pods-AnimeList.debug.xcconfig"; sourceTree = "<group>"; };
		D42B2CEA21FC5C05002D3BC4 /* AnimeList.app */ = {isa = PBXFileReference; explicitFileType = wrapper.application; includeInIndex = 0; path = AnimeList.app; sourceTree = BUILT_PRODUCTS_DIR; };
		D42B2CED21FC5C05002D3BC4 /* AppDelegate.swift */ = {isa = PBXFileReference; lastKnownFileType = sourcecode.swift; path = AppDelegate.swift; sourceTree = "<group>"; };
		D42B2CEF21FC5C05002D3BC4 /* ViewController.swift */ = {isa = PBXFileReference; lastKnownFileType = sourcecode.swift; path = ViewController.swift; sourceTree = "<group>"; };
		D42B2CF221FC5C05002D3BC4 /* Base */ = {isa = PBXFileReference; lastKnownFileType = file.storyboard; name = Base; path = Base.lproj/Main.storyboard; sourceTree = "<group>"; };
		D42B2CF421FC5C06002D3BC4 /* Assets.xcassets */ = {isa = PBXFileReference; lastKnownFileType = folder.assetcatalog; path = Assets.xcassets; sourceTree = "<group>"; };
		D42B2CF721FC5C06002D3BC4 /* Base */ = {isa = PBXFileReference; lastKnownFileType = file.storyboard; name = Base; path = Base.lproj/LaunchScreen.storyboard; sourceTree = "<group>"; };
		D42B2CF921FC5C06002D3BC4 /* Info.plist */ = {isa = PBXFileReference; lastKnownFileType = text.plist.xml; path = Info.plist; sourceTree = "<group>"; };
		D42B2CFF21FD45D8002D3BC4 /* ListTableViewController.swift */ = {isa = PBXFileReference; lastKnownFileType = sourcecode.swift; path = ListTableViewController.swift; sourceTree = "<group>"; };
		D42B2D012200812A002D3BC4 /* DetailViewController.swift */ = {isa = PBXFileReference; lastKnownFileType = sourcecode.swift; path = DetailViewController.swift; sourceTree = "<group>"; };
/* End PBXFileReference section */

/* Begin PBXFrameworksBuildPhase section */
		D42B2CE721FC5C05002D3BC4 /* Frameworks */ = {
			isa = PBXFrameworksBuildPhase;
			buildActionMask = 2147483647;
			files = (
				5CA2440F5D428E9BC43964EC /* Pods_AnimeList.framework in Frameworks */,
			);
			runOnlyForDeploymentPostprocessing = 0;
		};
/* End PBXFrameworksBuildPhase section */

/* Begin PBXGroup section */
		434FE9F0944AB3FA1439A457 /* Frameworks */ = {
			isa = PBXGroup;
			children = (
				69208E6DCD95A0E102B1495C /* Pods_AnimeList.framework */,
			);
			name = Frameworks;
			sourceTree = "<group>";
		};
		5D80F9669B4F22178485D4A0 /* Pods */ = {
			isa = PBXGroup;
			children = (
				CA3F07262BCEEB0E579FFE05 /* Pods-AnimeList.debug.xcconfig */,
				12E6D9F265398EE474FC68D0 /* Pods-AnimeList.release.xcconfig */,
			);
			path = Pods;
			sourceTree = "<group>";
		};
		D42B2CE121FC5C05002D3BC4 = {
			isa = PBXGroup;
			children = (
				D42B2CEC21FC5C05002D3BC4 /* AnimeList */,
				D42B2CEB21FC5C05002D3BC4 /* Products */,
				5D80F9669B4F22178485D4A0 /* Pods */,
				434FE9F0944AB3FA1439A457 /* Frameworks */,
			);
			sourceTree = "<group>";
		};
		D42B2CEB21FC5C05002D3BC4 /* Products */ = {
			isa = PBXGroup;
			children = (
				D42B2CEA21FC5C05002D3BC4 /* AnimeList.app */,
			);
			name = Products;
			sourceTree = "<group>";
		};
		D42B2CEC21FC5C05002D3BC4 /* AnimeList */ = {
			isa = PBXGroup;
			children = (
				D42B2CED21FC5C05002D3BC4 /* AppDelegate.swift */,
				D42B2CEF21FC5C05002D3BC4 /* ViewController.swift */,
				D42B2CF121FC5C05002D3BC4 /* Main.storyboard */,
				D42B2CF421FC5C06002D3BC4 /* Assets.xcassets */,
				D42B2CF621FC5C06002D3BC4 /* LaunchScreen.storyboard */,
				D42B2CF921FC5C06002D3BC4 /* Info.plist */,
				D42B2CFF21FD45D8002D3BC4 /* ListTableViewController.swift */,
				D42B2D012200812A002D3BC4 /* DetailViewController.swift */,
			);
			path = AnimeList;
			sourceTree = "<group>";
		};
/* End PBXGroup section */

/* Begin PBXNativeTarget section */
		D42B2CE921FC5C05002D3BC4 /* AnimeList */ = {
			isa = PBXNativeTarget;
			buildConfigurationList = D42B2CFC21FC5C06002D3BC4 /* Build configuration list for PBXNativeTarget "AnimeList" */;
			buildPhases = (
				19B5E4C6176CC50851D65239 /* [CP] Check Pods Manifest.lock */,
				D42B2CE621FC5C05002D3BC4 /* Sources */,
				D42B2CE721FC5C05002D3BC4 /* Frameworks */,
				D42B2CE821FC5C05002D3BC4 /* Resources */,
				E3E15D3859E279A516A3C22F /* [CP] Embed Pods Frameworks */,
			);
			buildRules = (
			);
			dependencies = (
			);
			name = AnimeList;
			productName = AnimeList;
			productReference = D42B2CEA21FC5C05002D3BC4 /* AnimeList.app */;
			productType = "com.apple.product-type.application";
		};
/* End PBXNativeTarget section */

/* Begin PBXProject section */
		D42B2CE221FC5C05002D3BC4 /* Project object */ = {
			isa = PBXProject;
			attributes = {
				LastSwiftUpdateCheck = 1010;
				LastUpgradeCheck = 1010;
				ORGANIZATIONNAME = "奥城健太郎";
				TargetAttributes = {
					D42B2CE921FC5C05002D3BC4 = {
						CreatedOnToolsVersion = 10.1;
					};
				};
			};
			buildConfigurationList = D42B2CE521FC5C05002D3BC4 /* Build configuration list for PBXProject "AnimeList" */;
			compatibilityVersion = "Xcode 9.3";
			developmentRegion = en;
			hasScannedForEncodings = 0;
			knownRegions = (
				en,
				Base,
			);
			mainGroup = D42B2CE121FC5C05002D3BC4;
			productRefGroup = D42B2CEB21FC5C05002D3BC4 /* Products */;
			projectDirPath = "";
			projectRoot = "";
			targets = (
				D42B2CE921FC5C05002D3BC4 /* AnimeList */,
			);
		};
/* End PBXProject section */

/* Begin PBXResourcesBuildPhase section */
		D42B2CE821FC5C05002D3BC4 /* Resources */ = {
			isa = PBXResourcesBuildPhase;
			buildActionMask = 2147483647;
			files = (
				D42B2CF821FC5C06002D3BC4 /* LaunchScreen.storyboard in Resources */,
				D42B2CF521FC5C06002D3BC4 /* Assets.xcassets in Resources */,
				D42B2CF321FC5C05002D3BC4 /* Main.storyboard in Resources */,
			);
			runOnlyForDeploymentPostprocessing = 0;
		};
/* End PBXResourcesBuildPhase section */

/* Begin PBXShellScriptBuildPhase section */
		19B5E4C6176CC50851D65239 /* [CP] Check Pods Manifest.lock */ = {
			isa = PBXShellScriptBuildPhase;
			buildActionMask = 2147483647;
			files = (
			);
			inputFileListPaths = (
			);
			inputPaths = (
				"${PODS_PODFILE_DIR_PATH}/Podfile.lock",
				"${PODS_ROOT}/Manifest.lock",
			);
			name = "[CP] Check Pods Manifest.lock";
			outputFileListPaths = (
			);
			outputPaths = (
				"$(DERIVED_FILE_DIR)/Pods-AnimeList-checkManifestLockResult.txt",
			);
			runOnlyForDeploymentPostprocessing = 0;
			shellPath = /bin/sh;
			shellScript = "diff \"${PODS_PODFILE_DIR_PATH}/Podfile.lock\" \"${PODS_ROOT}/Manifest.lock\" > /dev/null\nif [ $? != 0 ] ; then\n    # print error to STDERR\n    echo \"error: The sandbox is not in sync with the Podfile.lock. Run 'pod install' or update your CocoaPods installation.\" >&2\n    exit 1\nfi\n# This output is used by Xcode 'outputs' to avoid re-running this script phase.\necho \"SUCCESS\" > \"${SCRIPT_OUTPUT_FILE_0}\"\n";
			showEnvVarsInLog = 0;
		};
		E3E15D3859E279A516A3C22F /* [CP] Embed Pods Frameworks */ = {
			isa = PBXShellScriptBuildPhase;
			buildActionMask = 2147483647;
			files = (
			);
			inputFileListPaths = (
			);
			inputPaths = (
				"${PODS_ROOT}/Target Support Files/Pods-AnimeList/Pods-AnimeList-frameworks.sh",
				"${BUILT_PRODUCTS_DIR}/Alamofire/Alamofire.framework",
				"${BUILT_PRODUCTS_DIR}/PKHUD/PKHUD.framework",
				"${BUILT_PRODUCTS_DIR}/SwiftyJSON/SwiftyJSON.framework",
			);
			name = "[CP] Embed Pods Frameworks";
			outputFileListPaths = (
			);
			outputPaths = (
				"${TARGET_BUILD_DIR}/${FRAMEWORKS_FOLDER_PATH}/Alamofire.framework",
				"${TARGET_BUILD_DIR}/${FRAMEWORKS_FOLDER_PATH}/PKHUD.framework",
				"${TARGET_BUILD_DIR}/${FRAMEWORKS_FOLDER_PATH}/SwiftyJSON.framework",
			);
			runOnlyForDeploymentPostprocessing = 0;
			shellPath = /bin/sh;
			shellScript = "\"${PODS_ROOT}/Target Support Files/Pods-AnimeList/Pods-AnimeList-frameworks.sh\"\n";
			showEnvVarsInLog = 0;
		};
/* End PBXShellScriptBuildPhase section */

/* Begin PBXSourcesBuildPhase section */
		D42B2CE621FC5C05002D3BC4 /* Sources */ = {
			isa = PBXSourcesBuildPhase;
			buildActionMask = 2147483647;
			files = (
				D42B2D0021FD45D8002D3BC4 /* ListTableViewController.swift in Sources */,
				D42B2CF021FC5C05002D3BC4 /* ViewController.swift in Sources */,
				D42B2CEE21FC5C05002D3BC4 /* AppDelegate.swift in Sources */,
				D42B2D022200812A002D3BC4 /* DetailViewController.swift in Sources */,
			);
			runOnlyForDeploymentPostprocessing = 0;
		};
/* End PBXSourcesBuildPhase section */

/* Begin PBXVariantGroup section */
		D42B2CF121FC5C05002D3BC4 /* Main.storyboard */ = {
			isa = PBXVariantGroup;
			children = (
				D42B2CF221FC5C05002D3BC4 /* Base */,
			);
			name = Main.storyboard;
			sourceTree = "<group>";
		};
		D42B2CF621FC5C06002D3BC4 /* LaunchScreen.storyboard */ = {
			isa = PBXVariantGroup;
			children = (
				D42B2CF721FC5C06002D3BC4 /* Base */,
			);
			name = LaunchScreen.storyboard;
			sourceTree = "<group>";
		};
/* End PBXVariantGroup section */

/* Begin XCBuildConfiguration section */
		D42B2CFA21FC5C06002D3BC4 /* Debug */ = {
			isa = XCBuildConfiguration;
			buildSettings = {
				ALWAYS_SEARCH_USER_PATHS = NO;
				CLANG_ANALYZER_NONNULL = YES;
				CLANG_ANALYZER_NUMBER_OBJECT_CONVERSION = YES_AGGRESSIVE;
				CLANG_CXX_LANGUAGE_STANDARD = "gnu++14";
				CLANG_CXX_LIBRARY = "libc++";
				CLANG_ENABLE_MODULES = YES;
				CLANG_ENABLE_OBJC_ARC = YES;
				CLANG_ENABLE_OBJC_WEAK = YES;
				CLANG_WARN_BLOCK_CAPTURE_AUTORELEASING = YES;
				CLANG_WARN_BOOL_CONVERSION = YES;
				CLANG_WARN_COMMA = YES;
				CLANG_WARN_CONSTANT_CONVERSION = YES;
				CLANG_WARN_DEPRECATED_OBJC_IMPLEMENTATIONS = YES;
				CLANG_WARN_DIRECT_OBJC_ISA_USAGE = YES_ERROR;
				CLANG_WARN_DOCUMENTATION_COMMENTS = YES;
				CLANG_WARN_EMPTY_BODY = YES;
				CLANG_WARN_ENUM_CONVERSION = YES;
				CLANG_WARN_INFINITE_RECURSION = YES;
				CLANG_WARN_INT_CONVERSION = YES;
				CLANG_WARN_NON_LITERAL_NULL_CONVERSION = YES;
				CLANG_WARN_OBJC_IMPLICIT_RETAIN_SELF = YES;
				CLANG_WARN_OBJC_LITERAL_CONVERSION = YES;
				CLANG_WARN_OBJC_ROOT_CLASS = YES_ERROR;
				CLANG_WARN_RANGE_LOOP_ANALYSIS = YES;
				CLANG_WARN_STRICT_PROTOTYPES = YES;
				CLANG_WARN_SUSPICIOUS_MOVE = YES;
				CLANG_WARN_UNGUARDED_AVAILABILITY = YES_AGGRESSIVE;
				CLANG_WARN_UNREACHABLE_CODE = YES;
				CLANG_WARN__DUPLICATE_METHOD_MATCH = YES;
				CODE_SIGN_IDENTITY = "iPhone Developer";
				COPY_PHASE_STRIP = NO;
				DEBUG_INFORMATION_FORMAT = dwarf;
				ENABLE_STRICT_OBJC_MSGSEND = YES;
				ENABLE_TESTABILITY = YES;
				GCC_C_LANGUAGE_STANDARD = gnu11;
				GCC_DYNAMIC_NO_PIC = NO;
				GCC_NO_COMMON_BLOCKS = YES;
				GCC_OPTIMIZATION_LEVEL = 0;
				GCC_PREPROCESSOR_DEFINITIONS = (
					"DEBUG=1",
					"$(inherited)",
				);
				GCC_WARN_64_TO_32_BIT_CONVERSION = YES;
				GCC_WARN_ABOUT_RETURN_TYPE = YES_ERROR;
				GCC_WARN_UNDECLARED_SELECTOR = YES;
				GCC_WARN_UNINITIALIZED_AUTOS = YES_AGGRESSIVE;
				GCC_WARN_UNUSED_FUNCTION = YES;
				GCC_WARN_UNUSED_VARIABLE = YES;
				IPHONEOS_DEPLOYMENT_TARGET = 12.1;
				MTL_ENABLE_DEBUG_INFO = INCLUDE_SOURCE;
				MTL_FAST_MATH = YES;
				ONLY_ACTIVE_ARCH = YES;
				SDKROOT = iphoneos;
				SWIFT_ACTIVE_COMPILATION_CONDITIONS = DEBUG;
				SWIFT_OPTIMIZATION_LEVEL = "-Onone";
			};
			name = Debug;
		};
		D42B2CFB21FC5C06002D3BC4 /* Release */ = {
			isa = XCBuildConfiguration;
			buildSettings = {
				ALWAYS_SEARCH_USER_PATHS = NO;
				CLANG_ANALYZER_NONNULL = YES;
				CLANG_ANALYZER_NUMBER_OBJECT_CONVERSION = YES_AGGRESSIVE;
				CLANG_CXX_LANGUAGE_STANDARD = "gnu++14";
				CLANG_CXX_LIBRARY = "libc++";
				CLANG_ENABLE_MODULES = YES;
				CLANG_ENABLE_OBJC_ARC = YES;
				CLANG_ENABLE_OBJC_WEAK = YES;
				CLANG_WARN_BLOCK_CAPTURE_AUTORELEASING = YES;
				CLANG_WARN_BOOL_CONVERSION = YES;
				CLANG_WARN_COMMA = YES;
				CLANG_WARN_CONSTANT_CONVERSION = YES;
				CLANG_WARN_DEPRECATED_OBJC_IMPLEMENTATIONS = YES;
				CLANG_WARN_DIRECT_OBJC_ISA_USAGE = YES_ERROR;
				CLANG_WARN_DOCUMENTATION_COMMENTS = YES;
				CLANG_WARN_EMPTY_BODY = YES;
				CLANG_WARN_ENUM_CONVERSION = YES;
				CLANG_WARN_INFINITE_RECURSION = YES;
				CLANG_WARN_INT_CONVERSION = YES;
				CLANG_WARN_NON_LITERAL_NULL_CONVERSION = YES;
				CLANG_WARN_OBJC_IMPLICIT_RETAIN_SELF = YES;
				CLANG_WARN_OBJC_LITERAL_CONVERSION = YES;
				CLANG_WARN_OBJC_ROOT_CLASS = YES_ERROR;
				CLANG_WARN_RANGE_LOOP_ANALYSIS = YES;
				CLANG_WARN_STRICT_PROTOTYPES = YES;
				CLANG_WARN_SUSPICIOUS_MOVE = YES;
				CLANG_WARN_UNGUARDED_AVAILABILITY = YES_AGGRESSIVE;
				CLANG_WARN_UNREACHABLE_CODE = YES;
				CLANG_WARN__DUPLICATE_METHOD_MATCH = YES;
				CODE_SIGN_IDENTITY = "iPhone Developer";
				COPY_PHASE_STRIP = NO;
				DEBUG_INFORMATION_FORMAT = "dwarf-with-dsym";
				ENABLE_NS_ASSERTIONS = NO;
				ENABLE_STRICT_OBJC_MSGSEND = YES;
				GCC_C_LANGUAGE_STANDARD = gnu11;
				GCC_NO_COMMON_BLOCKS = YES;
				GCC_WARN_64_TO_32_BIT_CONVERSION = YES;
				GCC_WARN_ABOUT_RETURN_TYPE = YES_ERROR;
				GCC_WARN_UNDECLARED_SELECTOR = YES;
				GCC_WARN_UNINITIALIZED_AUTOS = YES_AGGRESSIVE;
				GCC_WARN_UNUSED_FUNCTION = YES;
				GCC_WARN_UNUSED_VARIABLE = YES;
				IPHONEOS_DEPLOYMENT_TARGET = 12.1;
				MTL_ENABLE_DEBUG_INFO = NO;
				MTL_FAST_MATH = YES;
				SDKROOT = iphoneos;
				SWIFT_COMPILATION_MODE = wholemodule;
				SWIFT_OPTIMIZATION_LEVEL = "-O";
				VALIDATE_PRODUCT = YES;
			};
			name = Release;
		};
		D42B2CFD21FC5C06002D3BC4 /* Debug */ = {
			isa = XCBuildConfiguration;
			baseConfigurationReference = CA3F07262BCEEB0E579FFE05 /* Pods-AnimeList.debug.xcconfig */;
			buildSettings = {
				ASSETCATALOG_COMPILER_APPICON_NAME = AppIcon;
				CODE_SIGN_STYLE = Automatic;
				DEVELOPMENT_TEAM = 3U6UDFBN33;
				INFOPLIST_FILE = AnimeList/Info.plist;
				IPHONEOS_DEPLOYMENT_TARGET = 11.0;
				LD_RUNPATH_SEARCH_PATHS = (
					"$(inherited)",
					"@executable_path/Frameworks",
				);
				PRODUCT_BUNDLE_IDENTIFIER = xxx.AnimeList;
				PRODUCT_NAME = "$(TARGET_NAME)";
				SWIFT_VERSION = 4.2;
				TARGETED_DEVICE_FAMILY = "1,2";
			};
			name = Debug;
		};
		D42B2CFE21FC5C06002D3BC4 /* Release */ = {
			isa = XCBuildConfiguration;
			baseConfigurationReference = 12E6D9F265398EE474FC68D0 /* Pods-AnimeList.release.xcconfig */;
			buildSettings = {
				ASSETCATALOG_COMPILER_APPICON_NAME = AppIcon;
				CODE_SIGN_STYLE = Automatic;
				DEVELOPMENT_TEAM = 3U6UDFBN33;
				INFOPLIST_FILE = AnimeList/Info.plist;
				IPHONEOS_DEPLOYMENT_TARGET = 11.0;
				LD_RUNPATH_SEARCH_PATHS = (
					"$(inherited)",
					"@executable_path/Frameworks",
				);
				PRODUCT_BUNDLE_IDENTIFIER = xxx.AnimeList;
				PRODUCT_NAME = "$(TARGET_NAME)";
				SWIFT_VERSION = 4.2;
				TARGETED_DEVICE_FAMILY = "1,2";
			};
			name = Release;
		};
/* End XCBuildConfiguration section */

/* Begin XCConfigurationList section */
		D42B2CE521FC5C05002D3BC4 /* Build configuration list for PBXProject "AnimeList" */ = {
			isa = XCConfigurationList;
			buildConfigurations = (
				D42B2CFA21FC5C06002D3BC4 /* Debug */,
				D42B2CFB21FC5C06002D3BC4 /* Release */,
			);
			defaultConfigurationIsVisible = 0;
			defaultConfigurationName = Release;
		};
		D42B2CFC21FC5C06002D3BC4 /* Build configuration list for PBXNativeTarget "AnimeList" */ = {
			isa = XCConfigurationList;
			buildConfigurations = (
				D42B2CFD21FC5C06002D3BC4 /* Debug */,
				D42B2CFE21FC5C06002D3BC4 /* Release */,
			);
			defaultConfigurationIsVisible = 0;
			defaultConfigurationName = Release;
		};
/* End XCConfigurationList section */
	};
	rootObject = D42B2CE221FC5C05002D3BC4 /* Project object */;
}
